// !$*UTF8*$!
{
	archiveVersion = 1;
	classes = {
	};
	objectVersion = 46;
	objects = {

/* Begin PBXBuildFile section */
		C651DE731C34662E00EB1053 /* AppDelegate.swift in Sources */ = {isa = PBXBuildFile; fileRef = C651DE721C34662E00EB1053 /* AppDelegate.swift */; };
		C651DE751C34662E00EB1053 /* ViewController.swift in Sources */ = {isa = PBXBuildFile; fileRef = C651DE741C34662E00EB1053 /* ViewController.swift */; };
		C651DE781C34662E00EB1053 /* Main.storyboard in Resources */ = {isa = PBXBuildFile; fileRef = C651DE761C34662E00EB1053 /* Main.storyboard */; };
		C651DE7A1C34662E00EB1053 /* Assets.xcassets in Resources */ = {isa = PBXBuildFile; fileRef = C651DE791C34662E00EB1053 /* Assets.xcassets */; };
		C651DE7D1C34662E00EB1053 /* LaunchScreen.storyboard in Resources */ = {isa = PBXBuildFile; fileRef = C651DE7B1C34662E00EB1053 /* LaunchScreen.storyboard */; };
		C651DE851C3484C700EB1053 /* SettingsViewController.swift in Sources */ = {isa = PBXBuildFile; fileRef = C651DE841C3484C700EB1053 /* SettingsViewController.swift */; };
		C65525521C3630CC00CC6BF7 /* Style.swift in Sources */ = {isa = PBXBuildFile; fileRef = C65525511C3630CC00CC6BF7 /* Style.swift */; };
/* End PBXBuildFile section */

/* Begin PBXFileReference section */
		C651DE6F1C34662E00EB1053 /* Code Path Simple Tip Calculator.app */ = {isa = PBXFileReference; explicitFileType = wrapper.application; includeInIndex = 0; path = "Code Path Simple Tip Calculator.app"; sourceTree = BUILT_PRODUCTS_DIR; };
		C651DE721C34662E00EB1053 /* AppDelegate.swift */ = {isa = PBXFileReference; lastKnownFileType = sourcecode.swift; path = AppDelegate.swift; sourceTree = "<group>"; };
		C651DE741C34662E00EB1053 /* ViewController.swift */ = {isa = PBXFileReference; lastKnownFileType = sourcecode.swift; path = ViewController.swift; sourceTree = "<group>"; };
		C651DE771C34662E00EB1053 /* Base */ = {isa = PBXFileReference; lastKnownFileType = file.storyboard; name = Base; path = Base.lproj/Main.storyboard; sourceTree = "<group>"; };
		C651DE791C34662E00EB1053 /* Assets.xcassets */ = {isa = PBXFileReference; lastKnownFileType = folder.assetcatalog; path = Assets.xcassets; sourceTree = "<group>"; };
		C651DE7C1C34662E00EB1053 /* Base */ = {isa = PBXFileReference; lastKnownFileType = file.storyboard; name = Base; path = Base.lproj/LaunchScreen.storyboard; sourceTree = "<group>"; };
		C651DE7E1C34662E00EB1053 /* Info.plist */ = {isa = PBXFileReference; lastKnownFileType = text.plist.xml; path = Info.plist; sourceTree = "<group>"; };
		C651DE841C3484C700EB1053 /* SettingsViewController.swift */ = {isa = PBXFileReference; fileEncoding = 4; lastKnownFileType = sourcecode.swift; path = SettingsViewController.swift; sourceTree = SOURCE_ROOT; };
		C65525511C3630CC00CC6BF7 /* Style.swift */ = {isa = PBXFileReference; fileEncoding = 4; lastKnownFileType = sourcecode.swift; path = Style.swift; sourceTree = "<group>"; };
/* End PBXFileReference section */

/* Begin PBXFrameworksBuildPhase section */
		C651DE6C1C34662E00EB1053 /* Frameworks */ = {
			isa = PBXFrameworksBuildPhase;
			buildActionMask = 2147483647;
			files = (
			);
			runOnlyForDeploymentPostprocessing = 0;
		};
/* End PBXFrameworksBuildPhase section */

/* Begin PBXGroup section */
		C651DE661C34662E00EB1053 = {
			isa = PBXGroup;
			children = (
				C651DE711C34662E00EB1053 /* Code Path Simple Tip Calculator */,
				C651DE701C34662E00EB1053 /* Products */,
			);
			sourceTree = "<group>";
		};
		C651DE701C34662E00EB1053 /* Products */ = {
			isa = PBXGroup;
			children = (
				C651DE6F1C34662E00EB1053 /* Code Path Simple Tip Calculator.app */,
			);
			name = Products;
			sourceTree = "<group>";
		};
		C651DE711C34662E00EB1053 /* Code Path Simple Tip Calculator */ = {
			isa = PBXGroup;
			children = (
				C651DE721C34662E00EB1053 /* AppDelegate.swift */,
				C651DE741C34662E00EB1053 /* ViewController.swift */,
				C651DE761C34662E00EB1053 /* Main.storyboard */,
				C65525511C3630CC00CC6BF7 /* Style.swift */,
				C651DE841C3484C700EB1053 /* SettingsViewController.swift */,
				C651DE791C34662E00EB1053 /* Assets.xcassets */,
				C651DE7B1C34662E00EB1053 /* LaunchScreen.storyboard */,
				C651DE7E1C34662E00EB1053 /* Info.plist */,
			);
			path = "Code Path Simple Tip Calculator";
			sourceTree = "<group>";
		};
/* End PBXGroup section */

/* Begin PBXNativeTarget section */
		C651DE6E1C34662E00EB1053 /* Code Path Simple Tip Calculator */ = {
			isa = PBXNativeTarget;
			buildConfigurationList = C651DE811C34662E00EB1053 /* Build configuration list for PBXNativeTarget "Code Path Simple Tip Calculator" */;
			buildPhases = (
				C651DE6B1C34662E00EB1053 /* Sources */,
				C651DE6C1C34662E00EB1053 /* Frameworks */,
				C651DE6D1C34662E00EB1053 /* Resources */,
			);
			buildRules = (
			);
			dependencies = (
			);
			name = "Code Path Simple Tip Calculator";
			productName = "Code Path Simple Tip Calculator";
			productReference = C651DE6F1C34662E00EB1053 /* Code Path Simple Tip Calculator.app */;
			productType = "com.apple.product-type.application";
		};
/* End PBXNativeTarget section */

/* Begin PBXProject section */
		C651DE671C34662E00EB1053 /* Project object */ = {
			isa = PBXProject;
			attributes = {
				LastSwiftUpdateCheck = 0720;
				LastUpgradeCheck = 0720;
				ORGANIZATIONNAME = DrBDHJ;
				TargetAttributes = {
					C651DE6E1C34662E00EB1053 = {
						CreatedOnToolsVersion = 7.2;
						DevelopmentTeam = V8WPBJTS2C;
					};
				};
			};
			buildConfigurationList = C651DE6A1C34662E00EB1053 /* Build configuration list for PBXProject "Code Path Simple Tip Calculator" */;
			compatibilityVersion = "Xcode 3.2";
			developmentRegion = English;
			hasScannedForEncodings = 0;
			knownRegions = (
				en,
				Base,
			);
			mainGroup = C651DE661C34662E00EB1053;
			productRefGroup = C651DE701C34662E00EB1053 /* Products */;
			projectDirPath = "";
			projectRoot = "";
			targets = (
				C651DE6E1C34662E00EB1053 /* Code Path Simple Tip Calculator */,
			);
		};
/* End PBXProject section */

/* Begin PBXResourcesBuildPhase section */
		C651DE6D1C34662E00EB1053 /* Resources */ = {
			isa = PBXResourcesBuildPhase;
			buildActionMask = 2147483647;
			files = (
				C651DE7D1C34662E00EB1053 /* LaunchScreen.storyboard in Resources */,
				C651DE7A1C34662E00EB1053 /* Assets.xcassets in Resources */,
				C651DE781C34662E00EB1053 /* Main.storyboard in Resources */,
			);
			runOnlyForDeploymentPostprocessing = 0;
		};
/* End PBXResourcesBuildPhase section */

/* Begin PBXSourcesBuildPhase section */
		C651DE6B1C34662E00EB1053 /* Sources */ = {
			isa = PBXSourcesBuildPhase;
			buildActionMask = 2147483647;
			files = (
				C651DE751C34662E00EB1053 /* ViewController.swift in Sources */,
				C651DE731C34662E00EB1053 /* AppDelegate.swift in Sources */,
				C651DE851C3484C700EB1053 /* SettingsViewController.swift in Sources */,
				C65525521C3630CC00CC6BF7 /* Style.swift in Sources */,
			);
			runOnlyForDeploymentPostprocessing = 0;
		};
/* End PBXSourcesBuildPhase section */

/* Begin PBXVariantGroup section */
		C651DE761C34662E00EB1053 /* Main.storyboard */ = {
			isa = PBXVariantGroup;
			children = (
				C651DE771C34662E00EB1053 /* Base */,
			);
			name = Main.storyboard;
			sourceTree = "<group>";
		};
		C651DE7B1C34662E00EB1053 /* LaunchScreen.storyboard */ = {
			isa = PBXVariantGroup;
			children = (
				C651DE7C1C34662E00EB1053 /* Base */,
			);
			name = LaunchScreen.storyboard;
			sourceTree = "<group>";
		};
/* End PBXVariantGroup section */

/* Begin XCBuildConfiguration section */
		C651DE7F1C34662E00EB1053 /* Debug */ = {
			isa = XCBuildConfiguration;
			buildSettings = {
				ALWAYS_SEARCH_USER_PATHS = NO;
				CLANG_CXX_LANGUAGE_STANDARD = "gnu++0x";
				CLANG_CXX_LIBRARY = "libc++";
				CLANG_ENABLE_MODULES = YES;
				CLANG_ENABLE_OBJC_ARC = YES;
				CLANG_WARN_BOOL_CONVERSION = YES;
				CLANG_WARN_CONSTANT_CONVERSION = YES;
				CLANG_WARN_DIRECT_OBJC_ISA_USAGE = YES_ERROR;
				CLANG_WARN_EMPTY_BODY = YES;
				CLANG_WARN_ENUM_CONVERSION = YES;
				CLANG_WARN_INT_CONVERSION = YES;
				CLANG_WARN_OBJC_ROOT_CLASS = YES_ERROR;
				CLANG_WARN_UNREACHABLE_CODE = YES;
				CLANG_WARN__DUPLICATE_METHOD_MATCH = YES;
				"CODE_SIGN_IDENTITY[sdk=iphoneos*]" = "iPhone Developer";
				COPY_PHASE_STRIP = NO;
				DEBUG_INFORMATION_FORMAT = dwarf;
				ENABLE_STRICT_OBJC_MSGSEND = YES;
				ENABLE_TESTABILITY = YES;
				GCC_C_LANGUAGE_STANDARD = gnu99;
				GCC_DYNAMIC_NO_PIC = NO;
				GCC_NO_COMMON_BLOCKS = YES;
				GCC_OPTIMIZATION_LEVEL = 0;
				GCC_PREPROCESSOR_DEFINITIONS = (
					"DEBUG=1",
					"$(inherited)",
				);
				GCC_WARN_64_TO_32_BIT_CONVERSION = YES;
				GCC_WARN_ABOUT_RETURN_TYPE = YES_ERROR;
				GCC_WARN_UNDECLARED_SELECTOR = YES;
				GCC_WARN_UNINITIALIZED_AUTOS = YES_AGGRESSIVE;
				GCC_WARN_UNUSED_FUNCTION = YES;
				GCC_WARN_UNUSED_VARIABLE = YES;
				IPHONEOS_DEPLOYMENT_TARGET = 9.2;
				MTL_ENABLE_DEBUG_INFO = YES;
				ONLY_ACTIVE_ARCH = YES;
				SDKROOT = iphoneos;
				SWIFT_OPTIMIZATION_LEVEL = "-Onone";
			};
			name = Debug;
		};
		C651DE801C34662E00EB1053 /* Release */ = {
			isa = XCBuildConfiguration;
			buildSettings = {
				ALWAYS_SEARCH_USER_PATHS = NO;
				CLANG_CXX_LANGUAGE_STANDARD = "gnu++0x";
				CLANG_CXX_LIBRARY = "libc++";
				CLANG_ENABLE_MODULES = YES;
				CLANG_ENABLE_OBJC_ARC = YES;
				CLANG_WARN_BOOL_CONVERSION = YES;
				CLANG_WARN_CONSTANT_CONVERSION = YES;
				CLANG_WARN_DIRECT_OBJC_ISA_USAGE = YES_ERROR;
				CLANG_WARN_EMPTY_BODY = YES;
				CLANG_WARN_ENUM_CONVERSION = YES;
				CLANG_WARN_INT_CONVERSION = YES;
				CLANG_WARN_OBJC_ROOT_CLASS = YES_ERROR;
				CLANG_WARN_UNREACHABLE_CODE = YES;
				CLANG_WARN__DUPLICATE_METHOD_MATCH = YES;
				"CODE_SIGN_IDENTITY[sdk=iphoneos*]" = "iPhone Developer";
				COPY_PHASE_STRIP = NO;
				DEBUG_INFORMATION_FORMAT = "dwarf-with-dsym";
				ENABLE_NS_ASSERTIONS = NO;
				ENABLE_STRICT_OBJC_MSGSEND = YES;
				GCC_C_LANGUAGE_STANDARD = gnu99;
				GCC_NO_COMMON_BLOCKS = YES;
				GCC_WARN_64_TO_32_BIT_CONVERSION = YES;
				GCC_WARN_ABOUT_RETURN_TYPE = YES_ERROR;
				GCC_WARN_UNDECLARED_SELECTOR = YES;
				GCC_WARN_UNINITIALIZED_AUTOS = YES_AGGRESSIVE;
				GCC_WARN_UNUSED_FUNCTION = YES;
				GCC_WARN_UNUSED_VARIABLE = YES;
				IPHONEOS_DEPLOYMENT_TARGET = 9.2;
				MTL_ENABLE_DEBUG_INFO = NO;
				SDKROOT = iphoneos;
				VALIDATE_PRODUCT = YES;
			};
			name = Release;
		};
		C651DE821C34662E00EB1053 /* Debug */ = {
			isa = XCBuildConfiguration;
			buildSettings = {
				ASSETCATALOG_COMPILER_APPICON_NAME = AppIcon;
				INFOPLIST_FILE = "Code Path Simple Tip Calculator/Info.plist";
				LD_RUNPATH_SEARCH_PATHS = "$(inherited) @executable_path/Frameworks";
				PRODUCT_BUNDLE_IDENTIFIER = "com.codepath.drbdhj.Code-Path-Simple-Tip-Calculator";
				PRODUCT_NAME = "$(TARGET_NAME)";
			};
			name = Debug;
		};
		C651DE831C34662E00EB1053 /* Release */ = {
			isa = XCBuildConfiguration;
			buildSettings = {
				ASSETCATALOG_COMPILER_APPICON_NAME = AppIcon;
				INFOPLIST_FILE = "Code Path Simple Tip Calculator/Info.plist";
				LD_RUNPATH_SEARCH_PATHS = "$(inherited) @executable_path/Frameworks";
				PRODUCT_BUNDLE_IDENTIFIER = "com.codepath.drbdhj.Code-Path-Simple-Tip-Calculator";
				PRODUCT_NAME = "$(TARGET_NAME)";
			};
			name = Release;
		};
/* End XCBuildConfiguration section */

/* Begin XCConfigurationList section */
		C651DE6A1C34662E00EB1053 /* Build configuration list for PBXProject "Code Path Simple Tip Calculator" */ = {
			isa = XCConfigurationList;
			buildConfigurations = (
				C651DE7F1C34662E00EB1053 /* Debug */,
				C651DE801C34662E00EB1053 /* Release */,
			);
			defaultConfigurationIsVisible = 0;
			defaultConfigurationName = Release;
		};
		C651DE811C34662E00EB1053 /* Build configuration list for PBXNativeTarget "Code Path Simple Tip Calculator" */ = {
			isa = XCConfigurationList;
			buildConfigurations = (
				C651DE821C34662E00EB1053 /* Debug */,
				C651DE831C34662E00EB1053 /* Release */,
			);
			defaultConfigurationIsVisible = 0;
			defaultConfigurationName = Release;
		};
/* End XCConfigurationList section */
	};
	rootObject = C651DE671C34662E00EB1053 /* Project object */;
}
